{
  "object": {
    "pins": [
      {
        "package": "MGFlipView",
        "repositoryURL": "https://github.com/Zaprogramiacz/MGFlipView.git",
        "state": {
          "branch": "master",
          "revision": "12e9f23696541b71b2fca9b3fae207867baef9e2",
          "version": null
        }
      }
    ]
  },
  "version": 1
}
